
Microsoft Visual Studio Solution File, Format Version 12.00
# Visual Studio Version 17
VisualStudioVersion = 17.14.37216.2 d17.14
MinimumVisualStudioVersion = 10.0.40219.1
Project("{FAE04EC0-301F-11D3-BF4B-00C04F79EFBC}") = "FabricDevelopmentHub", "FabricDevelopmentHub.csproj", "{20370973-FD65-4F99-9C31-8B31D7172147}"
EndProject
Global
	GlobalSection(SolutionConfigurationPlatforms) = preSolution
		Debug|Any CPU = Debug|Any CPU
		Release|Any CPU = Release|Any CPU
	EndGlobalSection
	GlobalSection(ProjectConfigurationPlatforms) = postSolution
		{20370973-FD65-4F99-9C31-8B31D7172147}.Debug|Any CPU.ActiveCfg = Debug|Any CPU
		{20370973-FD65-4F99-9C31-8B31D7172147}.Debug|Any CPU.Build.0 = Debug|Any CPU
		{20370973-FD65-4F99-9C31-8B31D7172147}.Release|Any CPU.ActiveCfg = Release|Any CPU
		{20370973-FD65-4F99-9C31-8B31D7172147}.Release|Any CPU.Build.0 = Release|Any CPU
	EndGlobalSection
	GlobalSection(SolutionProperties) = preSolution
		HideSolutionNode = FALSE
	EndGlobalSection
	GlobalSection(ExtensibilityGlobals) = postSolution
		SolutionGuid = {75126181-B633-4017-B464-7EB7742E0F80}
	EndGlobalSection
EndGlobal
